// !$*UTF8*$!
{
	archiveVersion = 1;
	classes = {
	};
	objectVersion = 48;
	objects = {

/* Begin PBXBuildFile section */
		253225B720519E310077E764 /* main.c in Sources */ = {isa = PBXBuildFile; fileRef = 253225B620519E310077E764 /* main.c */; };
		2532D8AE205B3BED00D1BDFD /* sig.c in Sources */ = {isa = PBXBuildFile; fileRef = 2532D8AD205B3BED00D1BDFD /* sig.c */; };
		2532D8B4205B3C7500D1BDFD /* initInput.c in Sources */ = {isa = PBXBuildFile; fileRef = 2532D8B3205B3C7500D1BDFD /* initInput.c */; };
/* End PBXBuildFile section */

/* Begin PBXCopyFilesBuildPhase section */
		253225B120519E310077E764 /* CopyFiles */ = {
			isa = PBXCopyFilesBuildPhase;
			buildActionMask = 2147483647;
			dstPath = /usr/share/man/man1/;
			dstSubfolderSpec = 0;
			files = (
			);
			runOnlyForDeploymentPostprocessing = 1;
		};
/* End PBXCopyFilesBuildPhase section */

/* Begin PBXFileReference section */
		253225B320519E310077E764 /* flexNN */ = {isa = PBXFileReference; explicitFileType = "compiled.mach-o.executable"; includeInIndex = 0; path = flexNN; sourceTree = BUILT_PRODUCTS_DIR; };
		253225B620519E310077E764 /* main.c */ = {isa = PBXFileReference; lastKnownFileType = sourcecode.c.c; path = main.c; sourceTree = "<group>"; };
		2532D8A8205B360B00D1BDFD /* decl.h */ = {isa = PBXFileReference; lastKnownFileType = sourcecode.c.h; path = decl.h; sourceTree = "<group>"; };
		2532D8AD205B3BED00D1BDFD /* sig.c */ = {isa = PBXFileReference; lastKnownFileType = sourcecode.c.c; path = sig.c; sourceTree = "<group>"; };
		2532D8B3205B3C7500D1BDFD /* initInput.c */ = {isa = PBXFileReference; lastKnownFileType = sourcecode.c.c; path = initInput.c; sourceTree = "<group>"; };
/* End PBXFileReference section */

/* Begin PBXFrameworksBuildPhase section */
		253225B020519E310077E764 /* Frameworks */ = {
			isa = PBXFrameworksBuildPhase;
			buildActionMask = 2147483647;
			files = (
			);
			runOnlyForDeploymentPostprocessing = 0;
		};
/* End PBXFrameworksBuildPhase section */

/* Begin PBXGroup section */
		253225AA20519E310077E764 = {
			isa = PBXGroup;
			children = (
				253225B520519E310077E764 /* flexNN */,
				253225B420519E310077E764 /* Products */,
			);
			sourceTree = "<group>";
		};
		253225B420519E310077E764 /* Products */ = {
			isa = PBXGroup;
			children = (
				253225B320519E310077E764 /* flexNN */,
			);
			name = Products;
			sourceTree = "<group>";
		};
		253225B520519E310077E764 /* flexNN */ = {
			isa = PBXGroup;
			children = (
				2532D8A8205B360B00D1BDFD /* decl.h */,
				2532D8B6205B637200D1BDFD /* src */,
				253225B620519E310077E764 /* main.c */,
			);
			path = flexNN;
			sourceTree = "<group>";
		};
		2532D8B6205B637200D1BDFD /* src */ = {
			isa = PBXGroup;
			children = (
				2532D8AD205B3BED00D1BDFD /* sig.c */,
				2532D8B3205B3C7500D1BDFD /* initInput.c */,
			);
			path = src;
			sourceTree = "<group>";
		};
/* End PBXGroup section */

/* Begin PBXNativeTarget section */
		253225B220519E310077E764 /* flexNN */ = {
			isa = PBXNativeTarget;
			buildConfigurationList = 253225BA20519E310077E764 /* Build configuration list for PBXNativeTarget "flexNN" */;
			buildPhases = (
				253225AF20519E310077E764 /* Sources */,
				253225B020519E310077E764 /* Frameworks */,
				253225B120519E310077E764 /* CopyFiles */,
			);
			buildRules = (
			);
			dependencies = (
			);
			name = flexNN;
			productName = flexNN;
			productReference = 253225B320519E310077E764 /* flexNN */;
			productType = "com.apple.product-type.tool";
		};
/* End PBXNativeTarget section */

/* Begin PBXProject section */
		253225AB20519E310077E764 /* Project object */ = {
			isa = PBXProject;
			attributes = {
				LastUpgradeCheck = 0920;
				ORGANIZATIONNAME = "Nihit Bhavsar";
				TargetAttributes = {
					253225B220519E310077E764 = {
						CreatedOnToolsVersion = 9.2;
						ProvisioningStyle = Automatic;
					};
				};
			};
			buildConfigurationList = 253225AE20519E310077E764 /* Build configuration list for PBXProject "flexNN" */;
			compatibilityVersion = "Xcode 8.0";
			developmentRegion = en;
			hasScannedForEncodings = 0;
			knownRegions = (
				en,
			);
			mainGroup = 253225AA20519E310077E764;
			productRefGroup = 253225B420519E310077E764 /* Products */;
			projectDirPath = "";
			projectRoot = "";
			targets = (
				253225B220519E310077E764 /* flexNN */,
			);
		};
/* End PBXProject section */

/* Begin PBXSourcesBuildPhase section */
		253225AF20519E310077E764 /* Sources */ = {
			isa = PBXSourcesBuildPhase;
			buildActionMask = 2147483647;
			files = (
				2532D8AE205B3BED00D1BDFD /* sig.c in Sources */,
				2532D8B4205B3C7500D1BDFD /* initInput.c in Sources */,
				253225B720519E310077E764 /* main.c in Sources */,
			);
			runOnlyForDeploymentPostprocessing = 0;
		};
/* End PBXSourcesBuildPhase section */

/* Begin XCBuildConfiguration section */
		253225B820519E310077E764 /* Debug */ = {
			isa = XCBuildConfiguration;
			buildSettings = {
				ALWAYS_SEARCH_USER_PATHS = NO;
				CLANG_ANALYZER_NONNULL = YES;
				CLANG_ANALYZER_NUMBER_OBJECT_CONVERSION = YES_AGGRESSIVE;
				CLANG_CXX_LANGUAGE_STANDARD = "gnu++14";
				CLANG_CXX_LIBRARY = "libc++";
				CLANG_ENABLE_MODULES = YES;
				CLANG_ENABLE_OBJC_ARC = YES;
				CLANG_WARN_BLOCK_CAPTURE_AUTORELEASING = YES;
				CLANG_WARN_BOOL_CONVERSION = YES;
				CLANG_WARN_COMMA = YES;
				CLANG_WARN_CONSTANT_CONVERSION = YES;
				CLANG_WARN_DIRECT_OBJC_ISA_USAGE = YES_ERROR;
				CLANG_WARN_DOCUMENTATION_COMMENTS = YES;
				CLANG_WARN_EMPTY_BODY = YES;
				CLANG_WARN_ENUM_CONVERSION = YES;
				CLANG_WARN_INFINITE_RECURSION = YES;
				CLANG_WARN_INT_CONVERSION = YES;
				CLANG_WARN_NON_LITERAL_NULL_CONVERSION = YES;
				CLANG_WARN_OBJC_LITERAL_CONVERSION = YES;
				CLANG_WARN_OBJC_ROOT_CLASS = YES_ERROR;
				CLANG_WARN_RANGE_LOOP_ANALYSIS = YES;
				CLANG_WARN_STRICT_PROTOTYPES = YES;
				CLANG_WARN_SUSPICIOUS_MOVE = YES;
				CLANG_WARN_UNGUARDED_AVAILABILITY = YES_AGGRESSIVE;
				CLANG_WARN_UNREACHABLE_CODE = YES;
				CLANG_WARN__DUPLICATE_METHOD_MATCH = YES;
				CODE_SIGN_IDENTITY = "-";
				COPY_PHASE_STRIP = NO;
				DEBUG_INFORMATION_FORMAT = dwarf;
				ENABLE_STRICT_OBJC_MSGSEND = YES;
				ENABLE_TESTABILITY = YES;
				GCC_C_LANGUAGE_STANDARD = gnu11;
				GCC_DYNAMIC_NO_PIC = NO;
				GCC_NO_COMMON_BLOCKS = YES;
				GCC_OPTIMIZATION_LEVEL = 0;
				GCC_PREPROCESSOR_DEFINITIONS = (
					"DEBUG=1",
					"$(inherited)",
				);
				GCC_WARN_64_TO_32_BIT_CONVERSION = YES;
				GCC_WARN_ABOUT_RETURN_TYPE = YES_ERROR;
				GCC_WARN_UNDECLARED_SELECTOR = YES;
				GCC_WARN_UNINITIALIZED_AUTOS = YES_AGGRESSIVE;
				GCC_WARN_UNUSED_FUNCTION = YES;
				GCC_WARN_UNUSED_VARIABLE = YES;
				MACOSX_DEPLOYMENT_TARGET = 10.13;
				MTL_ENABLE_DEBUG_INFO = YES;
				ONLY_ACTIVE_ARCH = YES;
				SDKROOT = macosx;
			};
			name = Debug;
		};
		253225B920519E310077E764 /* Release */ = {
			isa = XCBuildConfiguration;
			buildSettings = {
				ALWAYS_SEARCH_USER_PATHS = NO;
				CLANG_ANALYZER_NONNULL = YES;
				CLANG_ANALYZER_NUMBER_OBJECT_CONVERSION = YES_AGGRESSIVE;
				CLANG_CXX_LANGUAGE_STANDARD = "gnu++14";
				CLANG_CXX_LIBRARY = "libc++";
				CLANG_ENABLE_MODULES = YES;
				CLANG_ENABLE_OBJC_ARC = YES;
				CLANG_WARN_BLOCK_CAPTURE_AUTORELEASING = YES;
				CLANG_WARN_BOOL_CONVERSION = YES;
				CLANG_WARN_COMMA = YES;
				CLANG_WARN_CONSTANT_CONVERSION = YES;
				CLANG_WARN_DIRECT_OBJC_ISA_USAGE = YES_ERROR;
				CLANG_WARN_DOCUMENTATION_COMMENTS = YES;
				CLANG_WARN_EMPTY_BODY = YES;
				CLANG_WARN_ENUM_CONVERSION = YES;
				CLANG_WARN_INFINITE_RECURSION = YES;
				CLANG_WARN_INT_CONVERSION = YES;
				CLANG_WARN_NON_LITERAL_NULL_CONVERSION = YES;
				CLANG_WARN_OBJC_LITERAL_CONVERSION = YES;
				CLANG_WARN_OBJC_ROOT_CLASS = YES_ERROR;
				CLANG_WARN_RANGE_LOOP_ANALYSIS = YES;
				CLANG_WARN_STRICT_PROTOTYPES = YES;
				CLANG_WARN_SUSPICIOUS_MOVE = YES;
				CLANG_WARN_UNGUARDED_AVAILABILITY = YES_AGGRESSIVE;
				CLANG_WARN_UNREACHABLE_CODE = YES;
				CLANG_WARN__DUPLICATE_METHOD_MATCH = YES;
				CODE_SIGN_IDENTITY = "-";
				COPY_PHASE_STRIP = NO;
				DEBUG_INFORMATION_FORMAT = "dwarf-with-dsym";
				ENABLE_NS_ASSERTIONS = NO;
				ENABLE_STRICT_OBJC_MSGSEND = YES;
				GCC_C_LANGUAGE_STANDARD = gnu11;
				GCC_NO_COMMON_BLOCKS = YES;
				GCC_WARN_64_TO_32_BIT_CONVERSION = YES;
				GCC_WARN_ABOUT_RETURN_TYPE = YES_ERROR;
				GCC_WARN_UNDECLARED_SELECTOR = YES;
				GCC_WARN_UNINITIALIZED_AUTOS = YES_AGGRESSIVE;
				GCC_WARN_UNUSED_FUNCTION = YES;
				GCC_WARN_UNUSED_VARIABLE = YES;
				MACOSX_DEPLOYMENT_TARGET = 10.13;
				MTL_ENABLE_DEBUG_INFO = NO;
				SDKROOT = macosx;
			};
			name = Release;
		};
		253225BB20519E310077E764 /* Debug */ = {
			isa = XCBuildConfiguration;
			buildSettings = {
				CODE_SIGN_STYLE = Automatic;
				PRODUCT_NAME = "$(TARGET_NAME)";
			};
			name = Debug;
		};
		253225BC20519E310077E764 /* Release */ = {
			isa = XCBuildConfiguration;
			buildSettings = {
				CODE_SIGN_STYLE = Automatic;
				PRODUCT_NAME = "$(TARGET_NAME)";
			};
			name = Release;
		};
/* End XCBuildConfiguration section */

/* Begin XCConfigurationList section */
		253225AE20519E310077E764 /* Build configuration list for PBXProject "flexNN" */ = {
			isa = XCConfigurationList;
			buildConfigurations = (
				253225B820519E310077E764 /* Debug */,
				253225B920519E310077E764 /* Release */,
			);
			defaultConfigurationIsVisible = 0;
			defaultConfigurationName = Release;
		};
		253225BA20519E310077E764 /* Build configuration list for PBXNativeTarget "flexNN" */ = {
			isa = XCConfigurationList;
			buildConfigurations = (
				253225BB20519E310077E764 /* Debug */,
				253225BC20519E310077E764 /* Release */,
			);
			defaultConfigurationIsVisible = 0;
			defaultConfigurationName = Release;
		};
/* End XCConfigurationList section */
	};
	rootObject = 253225AB20519E310077E764 /* Project object */;
}
